// !$*UTF8*$!
{
	archiveVersion = 1;
	classes = {
	};
	objectVersion = 55;
	objects = {

/* Begin PBXBuildFile section */
		075A5AD02868390F00F9180E /* AirluxApp.swift in Sources */ = {isa = PBXBuildFile; fileRef = 075A5ACF2868390F00F9180E /* AirluxApp.swift */; };
		075A5AD22868390F00F9180E /* HomeView.swift in Sources */ = {isa = PBXBuildFile; fileRef = 075A5AD12868390F00F9180E /* HomeView.swift */; };
		075A5AD42868391100F9180E /* Assets.xcassets in Resources */ = {isa = PBXBuildFile; fileRef = 075A5AD32868391100F9180E /* Assets.xcassets */; };
		075A5AD72868391100F9180E /* Preview Assets.xcassets in Resources */ = {isa = PBXBuildFile; fileRef = 075A5AD62868391100F9180E /* Preview Assets.xcassets */; };
		075A5ADF2868392F00F9180E /* LocationViewModel.swift in Sources */ = {isa = PBXBuildFile; fileRef = 075A5ADE2868392F00F9180E /* LocationViewModel.swift */; };
		0763DCD3286F456B008C434B /* Route.swift in Sources */ = {isa = PBXBuildFile; fileRef = 0763DCD2286F456B008C434B /* Route.swift */; };
		0763DCD6286F53AA008C434B /* RouteListView.swift in Sources */ = {isa = PBXBuildFile; fileRef = 0763DCD5286F53AA008C434B /* RouteListView.swift */; };
		0763DCD8286F6961008C434B /* AddFrdView.swift in Sources */ = {isa = PBXBuildFile; fileRef = 0763DCD7286F6961008C434B /* AddFrdView.swift */; };
		0763DCDA286F838B008C434B /* RouteDetailsView.swift in Sources */ = {isa = PBXBuildFile; fileRef = 0763DCD9286F838B008C434B /* RouteDetailsView.swift */; };
		0763DCDC286F8636008C434B /* RouteDetailsMapView.swift in Sources */ = {isa = PBXBuildFile; fileRef = 0763DCDB286F8636008C434B /* RouteDetailsMapView.swift */; };
		0763DCDE286F8BE9008C434B /* RouteCardView.swift in Sources */ = {isa = PBXBuildFile; fileRef = 0763DCDD286F8BE9008C434B /* RouteCardView.swift */; };
		07B39394286E43DE0043B6CC /* FriendListView.swift in Sources */ = {isa = PBXBuildFile; fileRef = 07B39393286E43DE0043B6CC /* FriendListView.swift */; };
		07B39397286E441F0043B6CC /* Person.swift in Sources */ = {isa = PBXBuildFile; fileRef = 07B39396286E441F0043B6CC /* Person.swift */; };
		07DE0D3E286D497B0033C7A7 /* AQIMap.html in Resources */ = {isa = PBXBuildFile; fileRef = 07DE0D3D286D497B0033C7A7 /* AQIMap.html */; };
		07DE0D40286D4A1D0033C7A7 /* CustomMapLayers.swift in Sources */ = {isa = PBXBuildFile; fileRef = 07DE0D3F286D4A1D0033C7A7 /* CustomMapLayers.swift */; };
		07DE0D42286D7BBC0033C7A7 /* MapCapsuleView.swift in Sources */ = {isa = PBXBuildFile; fileRef = 07DE0D41286D7BBC0033C7A7 /* MapCapsuleView.swift */; };
		07DE0D44286D8F070033C7A7 /* PollenMap.html in Resources */ = {isa = PBXBuildFile; fileRef = 07DE0D43286D8F070033C7A7 /* PollenMap.html */; };
		07DE0D46286DEC6D0033C7A7 /* ActivityCardView.swift in Sources */ = {isa = PBXBuildFile; fileRef = 07DE0D45286DEC6D0033C7A7 /* ActivityCardView.swift */; };
		07DE0D48286DF9770033C7A7 /* dummyView.swift in Sources */ = {isa = PBXBuildFile; fileRef = 07DE0D47286DF9770033C7A7 /* dummyView.swift */; };
		07E732B7286C267100B95CBA /* CommunityView.swift in Sources */ = {isa = PBXBuildFile; fileRef = 07E732B6286C267100B95CBA /* CommunityView.swift */; };
		07E732BB286C2F6900B95CBA /* MenuView.swift in Sources */ = {isa = PBXBuildFile; fileRef = 07E732BA286C2F6900B95CBA /* MenuView.swift */; };
		07E732BD286C37BC00B95CBA /* MapView.swift in Sources */ = {isa = PBXBuildFile; fileRef = 07E732BC286C37BC00B95CBA /* MapView.swift */; };
/* End PBXBuildFile section */

/* Begin PBXFileReference section */
		075A5ACC2868390F00F9180E /* Airlux.app */ = {isa = PBXFileReference; explicitFileType = wrapper.application; includeInIndex = 0; path = Airlux.app; sourceTree = BUILT_PRODUCTS_DIR; };
		075A5ACF2868390F00F9180E /* AirluxApp.swift */ = {isa = PBXFileReference; lastKnownFileType = sourcecode.swift; path = AirluxApp.swift; sourceTree = "<group>"; };
		075A5AD12868390F00F9180E /* HomeView.swift */ = {isa = PBXFileReference; lastKnownFileType = sourcecode.swift; path = HomeView.swift; sourceTree = "<group>"; };
		075A5AD32868391100F9180E /* Assets.xcassets */ = {isa = PBXFileReference; lastKnownFileType = folder.assetcatalog; path = Assets.xcassets; sourceTree = "<group>"; };
		075A5AD62868391100F9180E /* Preview Assets.xcassets */ = {isa = PBXFileReference; lastKnownFileType = folder.assetcatalog; path = "Preview Assets.xcassets"; sourceTree = "<group>"; };
		075A5ADE2868392F00F9180E /* LocationViewModel.swift */ = {isa = PBXFileReference; lastKnownFileType = sourcecode.swift; path = LocationViewModel.swift; sourceTree = "<group>"; };
		0763DCD2286F456B008C434B /* Route.swift */ = {isa = PBXFileReference; lastKnownFileType = sourcecode.swift; path = Route.swift; sourceTree = "<group>"; };
		0763DCD5286F53AA008C434B /* RouteListView.swift */ = {isa = PBXFileReference; lastKnownFileType = sourcecode.swift; path = RouteListView.swift; sourceTree = "<group>"; };
		0763DCD7286F6961008C434B /* AddFrdView.swift */ = {isa = PBXFileReference; lastKnownFileType = sourcecode.swift; path = AddFrdView.swift; sourceTree = "<group>"; };
		0763DCD9286F838B008C434B /* RouteDetailsView.swift */ = {isa = PBXFileReference; lastKnownFileType = sourcecode.swift; path = RouteDetailsView.swift; sourceTree = "<group>"; };
		0763DCDB286F8636008C434B /* RouteDetailsMapView.swift */ = {isa = PBXFileReference; lastKnownFileType = sourcecode.swift; path = RouteDetailsMapView.swift; sourceTree = "<group>"; };
		0763DCDD286F8BE9008C434B /* RouteCardView.swift */ = {isa = PBXFileReference; lastKnownFileType = sourcecode.swift; path = RouteCardView.swift; sourceTree = "<group>"; };
		07B39393286E43DE0043B6CC /* FriendListView.swift */ = {isa = PBXFileReference; lastKnownFileType = sourcecode.swift; path = FriendListView.swift; sourceTree = "<group>"; };
		07B39396286E441F0043B6CC /* Person.swift */ = {isa = PBXFileReference; lastKnownFileType = sourcecode.swift; path = Person.swift; sourceTree = "<group>"; };
		07DE0D3D286D497B0033C7A7 /* AQIMap.html */ = {isa = PBXFileReference; fileEncoding = 4; lastKnownFileType = text.html; path = AQIMap.html; sourceTree = "<group>"; };
		07DE0D3F286D4A1D0033C7A7 /* CustomMapLayers.swift */ = {isa = PBXFileReference; lastKnownFileType = sourcecode.swift; path = CustomMapLayers.swift; sourceTree = "<group>"; };
		07DE0D41286D7BBC0033C7A7 /* MapCapsuleView.swift */ = {isa = PBXFileReference; lastKnownFileType = sourcecode.swift; path = MapCapsuleView.swift; sourceTree = "<group>"; };
		07DE0D43286D8F070033C7A7 /* PollenMap.html */ = {isa = PBXFileReference; fileEncoding = 4; lastKnownFileType = text.html; path = PollenMap.html; sourceTree = "<group>"; };
		07DE0D45286DEC6D0033C7A7 /* ActivityCardView.swift */ = {isa = PBXFileReference; lastKnownFileType = sourcecode.swift; path = ActivityCardView.swift; sourceTree = "<group>"; };
		07DE0D47286DF9770033C7A7 /* dummyView.swift */ = {isa = PBXFileReference; lastKnownFileType = sourcecode.swift; path = dummyView.swift; sourceTree = "<group>"; };
		07E732B6286C267100B95CBA /* CommunityView.swift */ = {isa = PBXFileReference; lastKnownFileType = sourcecode.swift; path = CommunityView.swift; sourceTree = "<group>"; };
		07E732BA286C2F6900B95CBA /* MenuView.swift */ = {isa = PBXFileReference; lastKnownFileType = sourcecode.swift; path = MenuView.swift; sourceTree = "<group>"; };
		07E732BC286C37BC00B95CBA /* MapView.swift */ = {isa = PBXFileReference; lastKnownFileType = sourcecode.swift; path = MapView.swift; sourceTree = "<group>"; };
/* End PBXFileReference section */

/* Begin PBXFrameworksBuildPhase section */
		075A5AC92868390F00F9180E /* Frameworks */ = {
			isa = PBXFrameworksBuildPhase;
			buildActionMask = 2147483647;
			files = (
			);
			runOnlyForDeploymentPostprocessing = 0;
		};
/* End PBXFrameworksBuildPhase section */

/* Begin PBXGroup section */
		075A5AC32868390F00F9180E = {
			isa = PBXGroup;
			children = (
				075A5ACE2868390F00F9180E /* Airlux */,
				075A5ACD2868390F00F9180E /* Products */,
			);
			sourceTree = "<group>";
		};
		075A5ACD2868390F00F9180E /* Products */ = {
			isa = PBXGroup;
			children = (
				075A5ACC2868390F00F9180E /* Airlux.app */,
			);
			name = Products;
			sourceTree = "<group>";
		};
		075A5ACE2868390F00F9180E /* Airlux */ = {
			isa = PBXGroup;
			children = (
				07DE0D43286D8F070033C7A7 /* PollenMap.html */,
				07DE0D3D286D497B0033C7A7 /* AQIMap.html */,
				075A5ACF2868390F00F9180E /* AirluxApp.swift */,
				07B39395286E44030043B6CC /* Models */,
				075A5ADD2868391F00F9180E /* ViewModels */,
				075A5AE22868525300F9180E /* Views */,
				075A5AD32868391100F9180E /* Assets.xcassets */,
				075A5AD52868391100F9180E /* Preview Content */,
			);
			path = Airlux;
			sourceTree = "<group>";
		};
		075A5AD52868391100F9180E /* Preview Content */ = {
			isa = PBXGroup;
			children = (
				075A5AD62868391100F9180E /* Preview Assets.xcassets */,
			);
			path = "Preview Content";
			sourceTree = "<group>";
		};
		075A5ADD2868391F00F9180E /* ViewModels */ = {
			isa = PBXGroup;
			children = (
				075A5ADE2868392F00F9180E /* LocationViewModel.swift */,
			);
			path = ViewModels;
			sourceTree = "<group>";
		};
		075A5AE22868525300F9180E /* Views */ = {
			isa = PBXGroup;
			children = (
				07DE0D3F286D4A1D0033C7A7 /* CustomMapLayers.swift */,
				07DE0D41286D7BBC0033C7A7 /* MapCapsuleView.swift */,
				07E732BC286C37BC00B95CBA /* MapView.swift */,
				0763DCDB286F8636008C434B /* RouteDetailsMapView.swift */,
				075A5AD12868390F00F9180E /* HomeView.swift */,
				07E732BA286C2F6900B95CBA /* MenuView.swift */,
				07E732B5286C25DF00B95CBA /* DrawerSecondViews */,
			);
			path = Views;
			sourceTree = "<group>";
		};
		0763DCD4286F539A008C434B /* Routes */ = {
			isa = PBXGroup;
			children = (
				0763DCDD286F8BE9008C434B /* RouteCardView.swift */,
				0763DCD5286F53AA008C434B /* RouteListView.swift */,
				0763DCD9286F838B008C434B /* RouteDetailsView.swift */,
			);
			path = Routes;
			sourceTree = "<group>";
		};
		07B39395286E44030043B6CC /* Models */ = {
			isa = PBXGroup;
			children = (
				07B39396286E441F0043B6CC /* Person.swift */,
				0763DCD2286F456B008C434B /* Route.swift */,
			);
			path = Models;
			sourceTree = "<group>";
		};
		07B9250C286E2A8E00F2E007 /* Community */ = {
			isa = PBXGroup;
			children = (
				07E732B6286C267100B95CBA /* CommunityView.swift */,
				07DE0D45286DEC6D0033C7A7 /* ActivityCardView.swift */,
				07B39393286E43DE0043B6CC /* FriendListView.swift */,
				0763DCD7286F6961008C434B /* AddFrdView.swift */,
			);
			path = Community;
			sourceTree = "<group>";
		};
		07E732B5286C25DF00B95CBA /* DrawerSecondViews */ = {
			isa = PBXGroup;
			children = (
				0763DCD4286F539A008C434B /* Routes */,
				07B9250C286E2A8E00F2E007 /* Community */,
				07DE0D47286DF9770033C7A7 /* dummyView.swift */,
			);
			path = DrawerSecondViews;
			sourceTree = "<group>";
		};
/* End PBXGroup section */

/* Begin PBXNativeTarget section */
		075A5ACB2868390F00F9180E /* Airlux */ = {
			isa = PBXNativeTarget;
			buildConfigurationList = 075A5ADA2868391100F9180E /* Build configuration list for PBXNativeTarget "Airlux" */;
			buildPhases = (
				075A5AC82868390F00F9180E /* Sources */,
				075A5AC92868390F00F9180E /* Frameworks */,
				075A5ACA2868390F00F9180E /* Resources */,
			);
			buildRules = (
			);
			dependencies = (
			);
			name = Airlux;
			productName = Airlux;
			productReference = 075A5ACC2868390F00F9180E /* Airlux.app */;
			productType = "com.apple.product-type.application";
		};
/* End PBXNativeTarget section */

/* Begin PBXProject section */
		075A5AC42868390F00F9180E /* Project object */ = {
			isa = PBXProject;
			attributes = {
				BuildIndependentTargetsInParallel = 1;
				LastSwiftUpdateCheck = 1340;
				LastUpgradeCheck = 1340;
				TargetAttributes = {
					075A5ACB2868390F00F9180E = {
						CreatedOnToolsVersion = 13.4.1;
					};
				};
			};
			buildConfigurationList = 075A5AC72868390F00F9180E /* Build configuration list for PBXProject "Airlux" */;
			compatibilityVersion = "Xcode 13.0";
			developmentRegion = en;
			hasScannedForEncodings = 0;
			knownRegions = (
				en,
				Base,
			);
			mainGroup = 075A5AC32868390F00F9180E;
			productRefGroup = 075A5ACD2868390F00F9180E /* Products */;
			projectDirPath = "";
			projectRoot = "";
			targets = (
				075A5ACB2868390F00F9180E /* Airlux */,
			);
		};
/* End PBXProject section */

/* Begin PBXResourcesBuildPhase section */
		075A5ACA2868390F00F9180E /* Resources */ = {
			isa = PBXResourcesBuildPhase;
			buildActionMask = 2147483647;
			files = (
				07DE0D3E286D497B0033C7A7 /* AQIMap.html in Resources */,
				07DE0D44286D8F070033C7A7 /* PollenMap.html in Resources */,
				075A5AD72868391100F9180E /* Preview Assets.xcassets in Resources */,
				075A5AD42868391100F9180E /* Assets.xcassets in Resources */,
			);
			runOnlyForDeploymentPostprocessing = 0;
		};
/* End PBXResourcesBuildPhase section */

/* Begin PBXSourcesBuildPhase section */
		075A5AC82868390F00F9180E /* Sources */ = {
			isa = PBXSourcesBuildPhase;
			buildActionMask = 2147483647;
			files = (
				07E732BD286C37BC00B95CBA /* MapView.swift in Sources */,
				0763DCDA286F838B008C434B /* RouteDetailsView.swift in Sources */,
				0763DCDE286F8BE9008C434B /* RouteCardView.swift in Sources */,
				0763DCDC286F8636008C434B /* RouteDetailsMapView.swift in Sources */,
				07E732BB286C2F6900B95CBA /* MenuView.swift in Sources */,
				0763DCD8286F6961008C434B /* AddFrdView.swift in Sources */,
				07B39394286E43DE0043B6CC /* FriendListView.swift in Sources */,
				075A5AD22868390F00F9180E /* HomeView.swift in Sources */,
				07DE0D42286D7BBC0033C7A7 /* MapCapsuleView.swift in Sources */,
				0763DCD3286F456B008C434B /* Route.swift in Sources */,
				07DE0D48286DF9770033C7A7 /* dummyView.swift in Sources */,
				07E732B7286C267100B95CBA /* CommunityView.swift in Sources */,
				075A5ADF2868392F00F9180E /* LocationViewModel.swift in Sources */,
				075A5AD02868390F00F9180E /* AirluxApp.swift in Sources */,
				07B39397286E441F0043B6CC /* Person.swift in Sources */,
				07DE0D40286D4A1D0033C7A7 /* CustomMapLayers.swift in Sources */,
				0763DCD6286F53AA008C434B /* RouteListView.swift in Sources */,
				07DE0D46286DEC6D0033C7A7 /* ActivityCardView.swift in Sources */,
			);
			runOnlyForDeploymentPostprocessing = 0;
		};
/* End PBXSourcesBuildPhase section */

/* Begin XCBuildConfiguration section */
		075A5AD82868391100F9180E /* Debug */ = {
			isa = XCBuildConfiguration;
			buildSettings = {
				ALWAYS_SEARCH_USER_PATHS = NO;
				CLANG_ANALYZER_NONNULL = YES;
				CLANG_ANALYZER_NUMBER_OBJECT_CONVERSION = YES_AGGRESSIVE;
				CLANG_CXX_LANGUAGE_STANDARD = "gnu++17";
				CLANG_ENABLE_MODULES = YES;
				CLANG_ENABLE_OBJC_ARC = YES;
				CLANG_ENABLE_OBJC_WEAK = YES;
				CLANG_WARN_BLOCK_CAPTURE_AUTORELEASING = YES;
				CLANG_WARN_BOOL_CONVERSION = YES;
				CLANG_WARN_COMMA = YES;
				CLANG_WARN_CONSTANT_CONVERSION = YES;
				CLANG_WARN_DEPRECATED_OBJC_IMPLEMENTATIONS = YES;
				CLANG_WARN_DIRECT_OBJC_ISA_USAGE = YES_ERROR;
				CLANG_WARN_DOCUMENTATION_COMMENTS = YES;
				CLANG_WARN_EMPTY_BODY = YES;
				CLANG_WARN_ENUM_CONVERSION = YES;
				CLANG_WARN_INFINITE_RECURSION = YES;
				CLANG_WARN_INT_CONVERSION = YES;
				CLANG_WARN_NON_LITERAL_NULL_CONVERSION = YES;
				CLANG_WARN_OBJC_IMPLICIT_RETAIN_SELF = YES;
				CLANG_WARN_OBJC_LITERAL_CONVERSION = YES;
				CLANG_WARN_OBJC_ROOT_CLASS = YES_ERROR;
				CLANG_WARN_QUOTED_INCLUDE_IN_FRAMEWORK_HEADER = YES;
				CLANG_WARN_RANGE_LOOP_ANALYSIS = YES;
				CLANG_WARN_STRICT_PROTOTYPES = YES;
				CLANG_WARN_SUSPICIOUS_MOVE = YES;
				CLANG_WARN_UNGUARDED_AVAILABILITY = YES_AGGRESSIVE;
				CLANG_WARN_UNREACHABLE_CODE = YES;
				CLANG_WARN__DUPLICATE_METHOD_MATCH = YES;
				COPY_PHASE_STRIP = NO;
				DEBUG_INFORMATION_FORMAT = dwarf;
				ENABLE_STRICT_OBJC_MSGSEND = YES;
				ENABLE_TESTABILITY = YES;
				GCC_C_LANGUAGE_STANDARD = gnu11;
				GCC_DYNAMIC_NO_PIC = NO;
				GCC_NO_COMMON_BLOCKS = YES;
				GCC_OPTIMIZATION_LEVEL = 0;
				GCC_PREPROCESSOR_DEFINITIONS = (
					"DEBUG=1",
					"$(inherited)",
				);
				GCC_WARN_64_TO_32_BIT_CONVERSION = YES;
				GCC_WARN_ABOUT_RETURN_TYPE = YES_ERROR;
				GCC_WARN_UNDECLARED_SELECTOR = YES;
				GCC_WARN_UNINITIALIZED_AUTOS = YES_AGGRESSIVE;
				GCC_WARN_UNUSED_FUNCTION = YES;
				GCC_WARN_UNUSED_VARIABLE = YES;
				IPHONEOS_DEPLOYMENT_TARGET = 15.0;
				MTL_ENABLE_DEBUG_INFO = INCLUDE_SOURCE;
				MTL_FAST_MATH = YES;
				ONLY_ACTIVE_ARCH = YES;
				SDKROOT = iphoneos;
				SWIFT_ACTIVE_COMPILATION_CONDITIONS = DEBUG;
				SWIFT_OPTIMIZATION_LEVEL = "-Onone";
			};
			name = Debug;
		};
		075A5AD92868391100F9180E /* Release */ = {
			isa = XCBuildConfiguration;
			buildSettings = {
				ALWAYS_SEARCH_USER_PATHS = NO;
				CLANG_ANALYZER_NONNULL = YES;
				CLANG_ANALYZER_NUMBER_OBJECT_CONVERSION = YES_AGGRESSIVE;
				CLANG_CXX_LANGUAGE_STANDARD = "gnu++17";
				CLANG_ENABLE_MODULES = YES;
				CLANG_ENABLE_OBJC_ARC = YES;
				CLANG_ENABLE_OBJC_WEAK = YES;
				CLANG_WARN_BLOCK_CAPTURE_AUTORELEASING = YES;
				CLANG_WARN_BOOL_CONVERSION = YES;
				CLANG_WARN_COMMA = YES;
				CLANG_WARN_CONSTANT_CONVERSION = YES;
				CLANG_WARN_DEPRECATED_OBJC_IMPLEMENTATIONS = YES;
				CLANG_WARN_DIRECT_OBJC_ISA_USAGE = YES_ERROR;
				CLANG_WARN_DOCUMENTATION_COMMENTS = YES;
				CLANG_WARN_EMPTY_BODY = YES;
				CLANG_WARN_ENUM_CONVERSION = YES;
				CLANG_WARN_INFINITE_RECURSION = YES;
				CLANG_WARN_INT_CONVERSION = YES;
				CLANG_WARN_NON_LITERAL_NULL_CONVERSION = YES;
				CLANG_WARN_OBJC_IMPLICIT_RETAIN_SELF = YES;
				CLANG_WARN_OBJC_LITERAL_CONVERSION = YES;
				CLANG_WARN_OBJC_ROOT_CLASS = YES_ERROR;
				CLANG_WARN_QUOTED_INCLUDE_IN_FRAMEWORK_HEADER = YES;
				CLANG_WARN_RANGE_LOOP_ANALYSIS = YES;
				CLANG_WARN_STRICT_PROTOTYPES = YES;
				CLANG_WARN_SUSPICIOUS_MOVE = YES;
				CLANG_WARN_UNGUARDED_AVAILABILITY = YES_AGGRESSIVE;
				CLANG_WARN_UNREACHABLE_CODE = YES;
				CLANG_WARN__DUPLICATE_METHOD_MATCH = YES;
				COPY_PHASE_STRIP = NO;
				DEBUG_INFORMATION_FORMAT = "dwarf-with-dsym";
				ENABLE_NS_ASSERTIONS = NO;
				ENABLE_STRICT_OBJC_MSGSEND = YES;
				GCC_C_LANGUAGE_STANDARD = gnu11;
				GCC_NO_COMMON_BLOCKS = YES;
				GCC_WARN_64_TO_32_BIT_CONVERSION = YES;
				GCC_WARN_ABOUT_RETURN_TYPE = YES_ERROR;
				GCC_WARN_UNDECLARED_SELECTOR = YES;
				GCC_WARN_UNINITIALIZED_AUTOS = YES_AGGRESSIVE;
				GCC_WARN_UNUSED_FUNCTION = YES;
				GCC_WARN_UNUSED_VARIABLE = YES;
				IPHONEOS_DEPLOYMENT_TARGET = 15.0;
				MTL_ENABLE_DEBUG_INFO = NO;
				MTL_FAST_MATH = YES;
				SDKROOT = iphoneos;
				SWIFT_COMPILATION_MODE = wholemodule;
				SWIFT_OPTIMIZATION_LEVEL = "-O";
				VALIDATE_PRODUCT = YES;
			};
			name = Release;
		};
		075A5ADB2868391100F9180E /* Debug */ = {
			isa = XCBuildConfiguration;
			buildSettings = {
				ASSETCATALOG_COMPILER_APPICON_NAME = AppIcon;
				ASSETCATALOG_COMPILER_GLOBAL_ACCENT_COLOR_NAME = AccentColor;
				CODE_SIGN_STYLE = Automatic;
				CURRENT_PROJECT_VERSION = 1;
				DEVELOPMENT_ASSET_PATHS = "\"Airlux/Preview Content\"";
				DEVELOPMENT_TEAM = QXL3558RH9;
				ENABLE_PREVIEWS = YES;
				GENERATE_INFOPLIST_FILE = YES;
				INFOPLIST_KEY_NSLocationWhenInUseUsageDescription = "This app uses your location to plan routes for you. ";
				INFOPLIST_KEY_UIApplicationSceneManifest_Generation = YES;
				INFOPLIST_KEY_UIApplicationSupportsIndirectInputEvents = YES;
				INFOPLIST_KEY_UILaunchScreen_Generation = YES;
				INFOPLIST_KEY_UISupportedInterfaceOrientations = UIInterfaceOrientationPortrait;
				INFOPLIST_KEY_UISupportedInterfaceOrientations_iPad = "";
				INFOPLIST_KEY_UISupportedInterfaceOrientations_iPhone = "UIInterfaceOrientationPortrait UIInterfaceOrientationLandscapeLeft UIInterfaceOrientationLandscapeRight";
				IPHONEOS_DEPLOYMENT_TARGET = 15.0;
				LD_RUNPATH_SEARCH_PATHS = (
					"$(inherited)",
					"@executable_path/Frameworks",
				);
				MARKETING_VERSION = 1.0;
				PRODUCT_BUNDLE_IDENTIFIER = com.gmail.kawonghui.Airlux;
				PRODUCT_NAME = "$(TARGET_NAME)";
				SWIFT_EMIT_LOC_STRINGS = YES;
				SWIFT_VERSION = 5.0;
				TARGETED_DEVICE_FAMILY = 1;
			};
			name = Debug;
		};
		075A5ADC2868391100F9180E /* Release */ = {
			isa = XCBuildConfiguration;
			buildSettings = {
				ASSETCATALOG_COMPILER_APPICON_NAME = AppIcon;
				ASSETCATALOG_COMPILER_GLOBAL_ACCENT_COLOR_NAME = AccentColor;
				CODE_SIGN_STYLE = Automatic;
				CURRENT_PROJECT_VERSION = 1;
				DEVELOPMENT_ASSET_PATHS = "\"Airlux/Preview Content\"";
				DEVELOPMENT_TEAM = QXL3558RH9;
				ENABLE_PREVIEWS = YES;
				GENERATE_INFOPLIST_FILE = YES;
				INFOPLIST_KEY_NSLocationWhenInUseUsageDescription = "This app uses your location to plan routes for you. ";
				INFOPLIST_KEY_UIApplicationSceneManifest_Generation = YES;
				INFOPLIST_KEY_UIApplicationSupportsIndirectInputEvents = YES;
				INFOPLIST_KEY_UILaunchScreen_Generation = YES;
				INFOPLIST_KEY_UISupportedInterfaceOrientations = UIInterfaceOrientationPortrait;
				INFOPLIST_KEY_UISupportedInterfaceOrientations_iPad = "";
				INFOPLIST_KEY_UISupportedInterfaceOrientations_iPhone = "UIInterfaceOrientationPortrait UIInterfaceOrientationLandscapeLeft UIInterfaceOrientationLandscapeRight";
				IPHONEOS_DEPLOYMENT_TARGET = 15.0;
				LD_RUNPATH_SEARCH_PATHS = (
					"$(inherited)",
					"@executable_path/Frameworks",
				);
				MARKETING_VERSION = 1.0;
				PRODUCT_BUNDLE_IDENTIFIER = com.gmail.kawonghui.Airlux;
				PRODUCT_NAME = "$(TARGET_NAME)";
				SWIFT_EMIT_LOC_STRINGS = YES;
				SWIFT_VERSION = 5.0;
				TARGETED_DEVICE_FAMILY = 1;
			};
			name = Release;
		};
/* End XCBuildConfiguration section */

/* Begin XCConfigurationList section */
		075A5AC72868390F00F9180E /* Build configuration list for PBXProject "Airlux" */ = {
			isa = XCConfigurationList;
			buildConfigurations = (
				075A5AD82868391100F9180E /* Debug */,
				075A5AD92868391100F9180E /* Release */,
			);
			defaultConfigurationIsVisible = 0;
			defaultConfigurationName = Release;
		};
		075A5ADA2868391100F9180E /* Build configuration list for PBXNativeTarget "Airlux" */ = {
			isa = XCConfigurationList;
			buildConfigurations = (
				075A5ADB2868391100F9180E /* Debug */,
				075A5ADC2868391100F9180E /* Release */,
			);
			defaultConfigurationIsVisible = 0;
			defaultConfigurationName = Release;
		};
/* End XCConfigurationList section */
	};
	rootObject = 075A5AC42868390F00F9180E /* Project object */;
}
